
Microsoft Visual Studio Solution File, Format Version 12.00
# Visual Studio Version 16
VisualStudioVersion = 16.0.29709.97
MinimumVisualStudioVersion = 10.0.40219.1
Project("{FAE04EC0-301F-11D3-BF4B-00C04F79EFBC}") = "SalesWebMVC", "SalesWebMVC.csproj", "{F57528F7-13F8-498A-AE6A-46C84E475391}"
EndProject
Global
	GlobalSection(SolutionConfigurationPlatforms) = preSolution
		Debug|Any CPU = Debug|Any CPU
		Release|Any CPU = Release|Any CPU
	EndGlobalSection
	GlobalSection(ProjectConfigurationPlatforms) = postSolution
		{F57528F7-13F8-498A-AE6A-46C84E475391}.Debug|Any CPU.ActiveCfg = Debug|Any CPU
		{F57528F7-13F8-498A-AE6A-46C84E475391}.Debug|Any CPU.Build.0 = Debug|Any CPU
		{F57528F7-13F8-498A-AE6A-46C84E475391}.Release|Any CPU.ActiveCfg = Release|Any CPU
		{F57528F7-13F8-498A-AE6A-46C84E475391}.Release|Any CPU.Build.0 = Release|Any CPU
	EndGlobalSection
	GlobalSection(SolutionProperties) = preSolution
		HideSolutionNode = FALSE
	EndGlobalSection
	GlobalSection(ExtensibilityGlobals) = postSolution
		SolutionGuid = {62C8917C-A0CB-435E-A9B0-3DF0F5042564}
	EndGlobalSection
EndGlobal
